{
  "name": "rocccitball",
  "version": "0.1.0",
  "lockfileVersion": 2,
  "requires": true,
  "packages": {
    "": {
      "name": "rocccitball",
      "version": "0.1.0",
      "dependencies": {
        "@dimforge/rapier3d-compat": "^0.19.2"
      },
      "engines": {
        "node": ">=20"
      }
    },
    "node_modules/@dimforge/rapier3d-compat": {
      "version": "0.19.2",
      "resolved": "https://registry.npmjs.org/@dimforge/rapier3d-compat/-/rapier3d-compat-0.19.2.tgz",
      "integrity": "sha512-AZHL1jqUF55QJkJyU1yKeh4ImX2J93bVLIezT1+o0FZqTix6O06MOaqpKoJ4MmbDCsoZmwO+qc471/SDMDm2AA=="
    }
  },
  "dependencies": {
    "@dimforge/rapier3d-compat": {
      "version": "0.19.2",
      "resolved": "https://registry.npmjs.org/@dimforge/rapier3d-compat/-/rapier3d-compat-0.19.2.tgz",
      "integrity": "sha512-AZHL1jqUF55QJkJyU1yKeh4ImX2J93bVLIezT1+o0FZqTix6O06MOaqpKoJ4MmbDCsoZmwO+qc471/SDMDm2AA=="
    }
  }
}
